
Microsoft Visual Studio Solution File, Format Version 12.00
# Visual Studio Version 17
VisualStudioVersion = 17.14.36301.6 d17.14
MinimumVisualStudioVersion = 10.0.40219.1
Project("{FAE04EC0-301F-11D3-BF4B-00C04F79EFBC}") = "ResultPatternJoeget", "ResultPatternJoeget\ResultPatternJoeget.csproj", "{DF2FB0C0-0091-4CBB-AA9F-B67F0F99DD23}"
EndProject
Global
	GlobalSection(SolutionConfigurationPlatforms) = preSolution
		Debug|Any CPU = Debug|Any CPU
		Release|Any CPU = Release|Any CPU
	EndGlobalSection
	GlobalSection(ProjectConfigurationPlatforms) = postSolution
		{DF2FB0C0-0091-4CBB-AA9F-B67F0F99DD23}.Debug|Any CPU.ActiveCfg = Debug|Any CPU
		{DF2FB0C0-0091-4CBB-AA9F-B67F0F99DD23}.Debug|Any CPU.Build.0 = Debug|Any CPU
		{DF2FB0C0-0091-4CBB-AA9F-B67F0F99DD23}.Release|Any CPU.ActiveCfg = Release|Any CPU
		{DF2FB0C0-0091-4CBB-AA9F-B67F0F99DD23}.Release|Any CPU.Build.0 = Release|Any CPU
	EndGlobalSection
	GlobalSection(SolutionProperties) = preSolution
		HideSolutionNode = FALSE
	EndGlobalSection
	GlobalSection(ExtensibilityGlobals) = postSolution
		SolutionGuid = {7F680276-B647-4E28-8570-E07EC15408A7}
	EndGlobalSection
EndGlobal
